{
  "name": "quaid",
  "version": "0.9.10",
  "lockfileVersion": 3,
  "requires": true,
  "packages": {
    "": {
      "name": "quaid",
      "version": "0.9.10",
      "cpu": [
        "x64",
        "arm64"
      ],
      "hasInstallScript": true,
      "license": "MIT",
      "os": [
        "darwin",
        "linux"
      ],
      "bin": {
        "quaid": "bin/quaid"
      },
      "engines": {
        "node": ">=18"
      }
    }
  }
}
